
Microsoft Visual Studio Solution File, Format Version 12.00
# Visual Studio Version 16
VisualStudioVersion = 16.0.30011.22
MinimumVisualStudioVersion = 10.0.40219.1
Project("{FAE04EC0-301F-11D3-BF4B-00C04F79EFBC}") = "App.Data", "App.Data\App.Data.csproj", "{20F2B941-E101-4FC4-85BB-E9B1A66D0607}"
EndProject
Project("{FAE04EC0-301F-11D3-BF4B-00C04F79EFBC}") = "App.Entities", "App.Entities\App.Entities.csproj", "{382F84CE-EFEF-42C1-8E01-98F42ED69C19}"
EndProject
Project("{FAE04EC0-301F-11D3-BF4B-00C04F79EFBC}") = "App.UI.Desktop", "App.UI.Desktop\App.UI.Desktop.csproj", "{D10191D9-0EF9-4DBD-A432-BA7A30CD8691}"
EndProject
Global
	GlobalSection(SolutionConfigurationPlatforms) = preSolution
		Debug|Any CPU = Debug|Any CPU
		Release|Any CPU = Release|Any CPU
	EndGlobalSection
	GlobalSection(ProjectConfigurationPlatforms) = postSolution
		{20F2B941-E101-4FC4-85BB-E9B1A66D0607}.Debug|Any CPU.ActiveCfg = Debug|Any CPU
		{20F2B941-E101-4FC4-85BB-E9B1A66D0607}.Debug|Any CPU.Build.0 = Debug|Any CPU
		{20F2B941-E101-4FC4-85BB-E9B1A66D0607}.Release|Any CPU.ActiveCfg = Release|Any CPU
		{20F2B941-E101-4FC4-85BB-E9B1A66D0607}.Release|Any CPU.Build.0 = Release|Any CPU
		{382F84CE-EFEF-42C1-8E01-98F42ED69C19}.Debug|Any CPU.ActiveCfg = Debug|Any CPU
		{382F84CE-EFEF-42C1-8E01-98F42ED69C19}.Debug|Any CPU.Build.0 = Debug|Any CPU
		{382F84CE-EFEF-42C1-8E01-98F42ED69C19}.Release|Any CPU.ActiveCfg = Release|Any CPU
		{382F84CE-EFEF-42C1-8E01-98F42ED69C19}.Release|Any CPU.Build.0 = Release|Any CPU
		{D10191D9-0EF9-4DBD-A432-BA7A30CD8691}.Debug|Any CPU.ActiveCfg = Debug|Any CPU
		{D10191D9-0EF9-4DBD-A432-BA7A30CD8691}.Debug|Any CPU.Build.0 = Debug|Any CPU
		{D10191D9-0EF9-4DBD-A432-BA7A30CD8691}.Release|Any CPU.ActiveCfg = Release|Any CPU
		{D10191D9-0EF9-4DBD-A432-BA7A30CD8691}.Release|Any CPU.Build.0 = Release|Any CPU
	EndGlobalSection
	GlobalSection(SolutionProperties) = preSolution
		HideSolutionNode = FALSE
	EndGlobalSection
	GlobalSection(ExtensibilityGlobals) = postSolution
		SolutionGuid = {D02B60F5-361F-452C-92E1-64C6F3D5ADDE}
	EndGlobalSection
EndGlobal
